{
  "version": 4,
  "terraform_version": "1.12.1",
  "serial": 1,
  "lineage": "b33eecde-953a-c69d-982a-3d9537aadd7c",
  "outputs": {
    "web_app_name": {
      "value": "hellostorageaccount",
      "type": "string",
      "sensitive": true
    }
  },
  "resources": [
    {
      "mode": "managed",
      "type": "azurerm_resource_group",
      "name": "hello",
      "provider": "provider[\"registry.terraform.io/hashicorp/azurerm\"]",
      "instances": [
        {
          "schema_version": 0,
          "attributes": {
            "id": "/subscriptions/ae5c06a5-35d9-4549-a05c-e9cf1c7a36e3/resourceGroups/my-hello-world-rg",
            "location": "westeurope",
            "managed_by": "",
            "name": "my-hello-world-rg",
            "tags": null,
            "timeouts": null
          },
          "sensitive_attributes": [],
          "identity_schema_version": 0,
          "private": "eyJlMmJmYjczMC1lY2FhLTExZTYtOGY4OC0zNDM2M2JjN2M0YzAiOnsiY3JlYXRlIjo1NDAwMDAwMDAwMDAwLCJkZWxldGUiOjU0MDAwMDAwMDAwMDAsInJlYWQiOjMwMDAwMDAwMDAwMCwidXBkYXRlIjo1NDAwMDAwMDAwMDAwfX0="
        }
      ]
    }
  ],
  "check_results": null
}
